
Microsoft Visual Studio Solution File, Format Version 12.00
# Visual Studio Version 17
VisualStudioVersion = 17.8.34330.188
MinimumVisualStudioVersion = 10.0.40219.1
Project("{FAE04EC0-301F-11D3-BF4B-00C04F79EFBC}") = "Constructor", "Constructor.csproj", "{31720869-C44C-4F7B-B821-33E5EF21EE87}"
EndProject
Global
	GlobalSection(SolutionConfigurationPlatforms) = preSolution
		Debug|Any CPU = Debug|Any CPU
		Release|Any CPU = Release|Any CPU
	EndGlobalSection
	GlobalSection(ProjectConfigurationPlatforms) = postSolution
		{31720869-C44C-4F7B-B821-33E5EF21EE87}.Debug|Any CPU.ActiveCfg = Debug|Any CPU
		{31720869-C44C-4F7B-B821-33E5EF21EE87}.Debug|Any CPU.Build.0 = Debug|Any CPU
		{31720869-C44C-4F7B-B821-33E5EF21EE87}.Release|Any CPU.ActiveCfg = Release|Any CPU
		{31720869-C44C-4F7B-B821-33E5EF21EE87}.Release|Any CPU.Build.0 = Release|Any CPU
	EndGlobalSection
	GlobalSection(SolutionProperties) = preSolution
		HideSolutionNode = FALSE
	EndGlobalSection
	GlobalSection(ExtensibilityGlobals) = postSolution
		SolutionGuid = {052C1A1F-28C7-4972-A05C-2EBA37BF1F24}
	EndGlobalSection
EndGlobal
